
Microsoft Visual Studio Solution File, Format Version 12.00
# Visual Studio Version 17
VisualStudioVersion = 17.12.35707.178
MinimumVisualStudioVersion = 10.0.40219.1
Project("{FAE04EC0-301F-11D3-BF4B-00C04F79EFBC}") = "Jokempo", "Jokempo\Jokempo.csproj", "{F8A4F434-4031-4A3E-AF73-40A7422CB2D4}"
EndProject
Project("{FAE04EC0-301F-11D3-BF4B-00C04F79EFBC}") = "ClassLibrary", "ClassLibrary\ClassLibrary.csproj", "{FE3A411E-0D24-4AD3-8B3F-2032D6163C17}"
EndProject
Global
	GlobalSection(SolutionConfigurationPlatforms) = preSolution
		Debug|Any CPU = Debug|Any CPU
		Release|Any CPU = Release|Any CPU
	EndGlobalSection
	GlobalSection(ProjectConfigurationPlatforms) = postSolution
		{F8A4F434-4031-4A3E-AF73-40A7422CB2D4}.Debug|Any CPU.ActiveCfg = Debug|Any CPU
		{F8A4F434-4031-4A3E-AF73-40A7422CB2D4}.Debug|Any CPU.Build.0 = Debug|Any CPU
		{F8A4F434-4031-4A3E-AF73-40A7422CB2D4}.Release|Any CPU.ActiveCfg = Release|Any CPU
		{F8A4F434-4031-4A3E-AF73-40A7422CB2D4}.Release|Any CPU.Build.0 = Release|Any CPU
		{FE3A411E-0D24-4AD3-8B3F-2032D6163C17}.Debug|Any CPU.ActiveCfg = Debug|Any CPU
		{FE3A411E-0D24-4AD3-8B3F-2032D6163C17}.Debug|Any CPU.Build.0 = Debug|Any CPU
		{FE3A411E-0D24-4AD3-8B3F-2032D6163C17}.Release|Any CPU.ActiveCfg = Release|Any CPU
		{FE3A411E-0D24-4AD3-8B3F-2032D6163C17}.Release|Any CPU.Build.0 = Release|Any CPU
	EndGlobalSection
	GlobalSection(SolutionProperties) = preSolution
		HideSolutionNode = FALSE
	EndGlobalSection
	GlobalSection(ExtensibilityGlobals) = postSolution
		SolutionGuid = {76810844-D81B-4F78-97AC-B567CE5D5056}
	EndGlobalSection
EndGlobal
